
Microsoft Visual Studio Solution File, Format Version 12.00
# Visual Studio Version 17
VisualStudioVersion = 17.5.33516.290
MinimumVisualStudioVersion = 10.0.40219.1
Project("{FAE04EC0-301F-11D3-BF4B-00C04F79EFBC}") = "DotvvmApplication3", "DotvvmApplication3.csproj", "{95F893DC-32B6-4D65-BA88-8187E3B2498F}"
EndProject
Global
	GlobalSection(SolutionConfigurationPlatforms) = preSolution
		Debug|Any CPU = Debug|Any CPU
		Release|Any CPU = Release|Any CPU
	EndGlobalSection
	GlobalSection(ProjectConfigurationPlatforms) = postSolution
		{95F893DC-32B6-4D65-BA88-8187E3B2498F}.Debug|Any CPU.ActiveCfg = Debug|Any CPU
		{95F893DC-32B6-4D65-BA88-8187E3B2498F}.Debug|Any CPU.Build.0 = Debug|Any CPU
		{95F893DC-32B6-4D65-BA88-8187E3B2498F}.Release|Any CPU.ActiveCfg = Release|Any CPU
		{95F893DC-32B6-4D65-BA88-8187E3B2498F}.Release|Any CPU.Build.0 = Release|Any CPU
	EndGlobalSection
	GlobalSection(SolutionProperties) = preSolution
		HideSolutionNode = FALSE
	EndGlobalSection
	GlobalSection(ExtensibilityGlobals) = postSolution
		SolutionGuid = {CC109611-F4BF-45A5-A222-9D9004BA9018}
	EndGlobalSection
EndGlobal
